
Microsoft Visual Studio Solution File, Format Version 12.00
Project("{FAE04EC0-301F-11D3-BF4B-00C04F79EFBC}") = "Docman.API", "Docman.API\Docman.API.csproj", "{212C2553-F923-49DE-ABE4-3D6D5357EFF3}"
EndProject
Project("{FAE04EC0-301F-11D3-BF4B-00C04F79EFBC}") = "Docman.Domain", "Docman.Domain\Docman.Domain.csproj", "{1FD416C8-DA8B-4A13-93A5-8F620EBAE109}"
EndProject
Project("{FAE04EC0-301F-11D3-BF4B-00C04F79EFBC}") = "Docman.Infrastructure", "Docman.Infrastructure\Docman.Infrastructure.csproj", "{3B304526-BF9D-46A3-9A79-C59EF7DEA979}"
EndProject
Project("{2150E333-8FDC-42A3-9474-1A3956D46DE8}") = "src", "src", "{F12B6F93-07E3-4EDF-9F1D-32DAB5E62271}"
EndProject
Project("{2150E333-8FDC-42A3-9474-1A3956D46DE8}") = "test", "test", "{330B3B2E-FC16-48DC-8F34-B54865D54134}"
EndProject
Project("{FAE04EC0-301F-11D3-BF4B-00C04F79EFBC}") = "Docman.UnitTests", "..\test\Docman.UnitTests\Docman.UnitTests.csproj", "{181DDD05-05EA-4FF3-829D-6E622EA4A0CB}"
EndProject
Project("{FAE04EC0-301F-11D3-BF4B-00C04F79EFBC}") = "Docman.IntegrationTests", "..\test\Docman.IntegrationTests\Docman.IntegrationTests.csproj", "{548FA2D4-1E0E-461A-96C4-FD725D69B800}"
EndProject
Global
	GlobalSection(SolutionConfigurationPlatforms) = preSolution
		Debug|Any CPU = Debug|Any CPU
		Release|Any CPU = Release|Any CPU
	EndGlobalSection
	GlobalSection(ProjectConfigurationPlatforms) = postSolution
		{212C2553-F923-49DE-ABE4-3D6D5357EFF3}.Debug|Any CPU.ActiveCfg = Debug|Any CPU
		{212C2553-F923-49DE-ABE4-3D6D5357EFF3}.Debug|Any CPU.Build.0 = Debug|Any CPU
		{212C2553-F923-49DE-ABE4-3D6D5357EFF3}.Release|Any CPU.ActiveCfg = Release|Any CPU
		{212C2553-F923-49DE-ABE4-3D6D5357EFF3}.Release|Any CPU.Build.0 = Release|Any CPU
		{1FD416C8-DA8B-4A13-93A5-8F620EBAE109}.Debug|Any CPU.ActiveCfg = Debug|Any CPU
		{1FD416C8-DA8B-4A13-93A5-8F620EBAE109}.Debug|Any CPU.Build.0 = Debug|Any CPU
		{1FD416C8-DA8B-4A13-93A5-8F620EBAE109}.Release|Any CPU.ActiveCfg = Release|Any CPU
		{1FD416C8-DA8B-4A13-93A5-8F620EBAE109}.Release|Any CPU.Build.0 = Release|Any CPU
		{3B304526-BF9D-46A3-9A79-C59EF7DEA979}.Debug|Any CPU.ActiveCfg = Debug|Any CPU
		{3B304526-BF9D-46A3-9A79-C59EF7DEA979}.Debug|Any CPU.Build.0 = Debug|Any CPU
		{3B304526-BF9D-46A3-9A79-C59EF7DEA979}.Release|Any CPU.ActiveCfg = Release|Any CPU
		{3B304526-BF9D-46A3-9A79-C59EF7DEA979}.Release|Any CPU.Build.0 = Release|Any CPU
		{181DDD05-05EA-4FF3-829D-6E622EA4A0CB}.Debug|Any CPU.ActiveCfg = Debug|Any CPU
		{181DDD05-05EA-4FF3-829D-6E622EA4A0CB}.Debug|Any CPU.Build.0 = Debug|Any CPU
		{181DDD05-05EA-4FF3-829D-6E622EA4A0CB}.Release|Any CPU.ActiveCfg = Release|Any CPU
		{181DDD05-05EA-4FF3-829D-6E622EA4A0CB}.Release|Any CPU.Build.0 = Release|Any CPU
		{548FA2D4-1E0E-461A-96C4-FD725D69B800}.Debug|Any CPU.ActiveCfg = Debug|Any CPU
		{548FA2D4-1E0E-461A-96C4-FD725D69B800}.Debug|Any CPU.Build.0 = Debug|Any CPU
		{548FA2D4-1E0E-461A-96C4-FD725D69B800}.Release|Any CPU.ActiveCfg = Release|Any CPU
		{548FA2D4-1E0E-461A-96C4-FD725D69B800}.Release|Any CPU.Build.0 = Release|Any CPU
	EndGlobalSection
	GlobalSection(NestedProjects) = preSolution
		{212C2553-F923-49DE-ABE4-3D6D5357EFF3} = {F12B6F93-07E3-4EDF-9F1D-32DAB5E62271}
		{1FD416C8-DA8B-4A13-93A5-8F620EBAE109} = {F12B6F93-07E3-4EDF-9F1D-32DAB5E62271}
		{3B304526-BF9D-46A3-9A79-C59EF7DEA979} = {F12B6F93-07E3-4EDF-9F1D-32DAB5E62271}
		{181DDD05-05EA-4FF3-829D-6E622EA4A0CB} = {330B3B2E-FC16-48DC-8F34-B54865D54134}
		{548FA2D4-1E0E-461A-96C4-FD725D69B800} = {330B3B2E-FC16-48DC-8F34-B54865D54134}
	EndGlobalSection
EndGlobal
